
Microsoft Visual Studio Solution File, Format Version 12.00
# Visual Studio 15
VisualStudioVersion = 15.0.26730.8
MinimumVisualStudioVersion = 10.0.40219.1
Project("{8BC9CEB8-8B4A-11D0-8D11-00A0C91BC942}") = "BullsCowsGame", "BullsCowsGame\BullsCowsGame.vcxproj", "{E97C7647-4EA2-4907-B024-2C0CCAB1A4E6}"
EndProject
Global
	GlobalSection(SolutionConfigurationPlatforms) = preSolution
		Debug|x64 = Debug|x64
		Debug|x86 = Debug|x86
		Release|x64 = Release|x64
		Release|x86 = Release|x86
	EndGlobalSection
	GlobalSection(ProjectConfigurationPlatforms) = postSolution
		{E97C7647-4EA2-4907-B024-2C0CCAB1A4E6}.Debug|x64.ActiveCfg = Debug|x64
		{E97C7647-4EA2-4907-B024-2C0CCAB1A4E6}.Debug|x64.Build.0 = Debug|x64
		{E97C7647-4EA2-4907-B024-2C0CCAB1A4E6}.Debug|x86.ActiveCfg = Debug|Win32
		{E97C7647-4EA2-4907-B024-2C0CCAB1A4E6}.Debug|x86.Build.0 = Debug|Win32
		{E97C7647-4EA2-4907-B024-2C0CCAB1A4E6}.Release|x64.ActiveCfg = Release|x64
		{E97C7647-4EA2-4907-B024-2C0CCAB1A4E6}.Release|x64.Build.0 = Release|x64
		{E97C7647-4EA2-4907-B024-2C0CCAB1A4E6}.Release|x86.ActiveCfg = Release|Win32
		{E97C7647-4EA2-4907-B024-2C0CCAB1A4E6}.Release|x86.Build.0 = Release|Win32
	EndGlobalSection
	GlobalSection(SolutionProperties) = preSolution
		HideSolutionNode = FALSE
	EndGlobalSection
	GlobalSection(ExtensibilityGlobals) = postSolution
		SolutionGuid = {7B3D8851-CA96-4CBB-B2EA-F536439AE70C}
	EndGlobalSection
EndGlobal
